// !$*UTF8*$!
{
	archiveVersion = 1;
	classes = {
	};
	objectVersion = 46;
	objects = {

/* Begin PBXBuildFile section */
		E115AF4F1BC8B8C8000EE3A2 /* AppDelegate.swift in Sources */ = {isa = PBXBuildFile; fileRef = E115AF4E1BC8B8C8000EE3A2 /* AppDelegate.swift */; };
		E115AF511BC8B8C8000EE3A2 /* ViewController.swift in Sources */ = {isa = PBXBuildFile; fileRef = E115AF501BC8B8C8000EE3A2 /* ViewController.swift */; };
		E115AF541BC8B8C8000EE3A2 /* Main.storyboard in Resources */ = {isa = PBXBuildFile; fileRef = E115AF521BC8B8C8000EE3A2 /* Main.storyboard */; };
		E115AF561BC8B8C8000EE3A2 /* Assets.xcassets in Resources */ = {isa = PBXBuildFile; fileRef = E115AF551BC8B8C8000EE3A2 /* Assets.xcassets */; };
		E115AF591BC8B8C8000EE3A2 /* LaunchScreen.storyboard in Resources */ = {isa = PBXBuildFile; fileRef = E115AF571BC8B8C8000EE3A2 /* LaunchScreen.storyboard */; };
		E115AF641BC8B8C8000EE3A2 /* DropboxTests.swift in Sources */ = {isa = PBXBuildFile; fileRef = E115AF631BC8B8C8000EE3A2 /* DropboxTests.swift */; };
		E115AF6F1BC8B8C8000EE3A2 /* DropboxUITests.swift in Sources */ = {isa = PBXBuildFile; fileRef = E115AF6E1BC8B8C8000EE3A2 /* DropboxUITests.swift */; };
		E13076141BC99AF900BF6BA7 /* CreateAccountRootViewController.swift in Sources */ = {isa = PBXBuildFile; fileRef = E13076131BC99AF900BF6BA7 /* CreateAccountRootViewController.swift */; settings = {ASSET_TAGS = (); }; };
		E13076161BCACC6F00BF6BA7 /* SignInRootViewController.swift in Sources */ = {isa = PBXBuildFile; fileRef = E13076151BCACC6F00BF6BA7 /* SignInRootViewController.swift */; settings = {ASSET_TAGS = (); }; };
		E13076181BCAE32600BF6BA7 /* ViewTermsScroll.swift in Sources */ = {isa = PBXBuildFile; fileRef = E13076171BCAE32600BF6BA7 /* ViewTermsScroll.swift */; settings = {ASSET_TAGS = (); }; };
		E130761A1BCAEE2000BF6BA7 /* SettingsScroll.swift in Sources */ = {isa = PBXBuildFile; fileRef = E13076191BCAEE2000BF6BA7 /* SettingsScroll.swift */; settings = {ASSET_TAGS = (); }; };
/* End PBXBuildFile section */

/* Begin PBXContainerItemProxy section */
		E115AF601BC8B8C8000EE3A2 /* PBXContainerItemProxy */ = {
			isa = PBXContainerItemProxy;
			containerPortal = E115AF431BC8B8C8000EE3A2 /* Project object */;
			proxyType = 1;
			remoteGlobalIDString = E115AF4A1BC8B8C8000EE3A2;
			remoteInfo = Dropbox;
		};
		E115AF6B1BC8B8C8000EE3A2 /* PBXContainerItemProxy */ = {
			isa = PBXContainerItemProxy;
			containerPortal = E115AF431BC8B8C8000EE3A2 /* Project object */;
			proxyType = 1;
			remoteGlobalIDString = E115AF4A1BC8B8C8000EE3A2;
			remoteInfo = Dropbox;
		};
/* End PBXContainerItemProxy section */

/* Begin PBXFileReference section */
		E115AF4B1BC8B8C8000EE3A2 /* Dropbox.app */ = {isa = PBXFileReference; explicitFileType = wrapper.application; includeInIndex = 0; path = Dropbox.app; sourceTree = BUILT_PRODUCTS_DIR; };
		E115AF4E1BC8B8C8000EE3A2 /* AppDelegate.swift */ = {isa = PBXFileReference; lastKnownFileType = sourcecode.swift; path = AppDelegate.swift; sourceTree = "<group>"; };
		E115AF501BC8B8C8000EE3A2 /* ViewController.swift */ = {isa = PBXFileReference; lastKnownFileType = sourcecode.swift; path = ViewController.swift; sourceTree = "<group>"; };
		E115AF531BC8B8C8000EE3A2 /* Base */ = {isa = PBXFileReference; lastKnownFileType = file.storyboard; name = Base; path = Base.lproj/Main.storyboard; sourceTree = "<group>"; };
		E115AF551BC8B8C8000EE3A2 /* Assets.xcassets */ = {isa = PBXFileReference; lastKnownFileType = folder.assetcatalog; path = Assets.xcassets; sourceTree = "<group>"; };
		E115AF581BC8B8C8000EE3A2 /* Base */ = {isa = PBXFileReference; lastKnownFileType = file.storyboard; name = Base; path = Base.lproj/LaunchScreen.storyboard; sourceTree = "<group>"; };
		E115AF5A1BC8B8C8000EE3A2 /* Info.plist */ = {isa = PBXFileReference; lastKnownFileType = text.plist.xml; path = Info.plist; sourceTree = "<group>"; };
		E115AF5F1BC8B8C8000EE3A2 /* DropboxTests.xctest */ = {isa = PBXFileReference; explicitFileType = wrapper.cfbundle; includeInIndex = 0; path = DropboxTests.xctest; sourceTree = BUILT_PRODUCTS_DIR; };
		E115AF631BC8B8C8000EE3A2 /* DropboxTests.swift */ = {isa = PBXFileReference; lastKnownFileType = sourcecode.swift; path = DropboxTests.swift; sourceTree = "<group>"; };
		E115AF651BC8B8C8000EE3A2 /* Info.plist */ = {isa = PBXFileReference; lastKnownFileType = text.plist.xml; path = Info.plist; sourceTree = "<group>"; };
		E115AF6A1BC8B8C8000EE3A2 /* DropboxUITests.xctest */ = {isa = PBXFileReference; explicitFileType = wrapper.cfbundle; includeInIndex = 0; path = DropboxUITests.xctest; sourceTree = BUILT_PRODUCTS_DIR; };
		E115AF6E1BC8B8C8000EE3A2 /* DropboxUITests.swift */ = {isa = PBXFileReference; lastKnownFileType = sourcecode.swift; path = DropboxUITests.swift; sourceTree = "<group>"; };
		E115AF701BC8B8C8000EE3A2 /* Info.plist */ = {isa = PBXFileReference; lastKnownFileType = text.plist.xml; path = Info.plist; sourceTree = "<group>"; };
		E13076131BC99AF900BF6BA7 /* CreateAccountRootViewController.swift */ = {isa = PBXFileReference; fileEncoding = 4; lastKnownFileType = sourcecode.swift; path = CreateAccountRootViewController.swift; sourceTree = "<group>"; };
		E13076151BCACC6F00BF6BA7 /* SignInRootViewController.swift */ = {isa = PBXFileReference; fileEncoding = 4; lastKnownFileType = sourcecode.swift; path = SignInRootViewController.swift; sourceTree = "<group>"; };
		E13076171BCAE32600BF6BA7 /* ViewTermsScroll.swift */ = {isa = PBXFileReference; fileEncoding = 4; lastKnownFileType = sourcecode.swift; path = ViewTermsScroll.swift; sourceTree = "<group>"; };
		E13076191BCAEE2000BF6BA7 /* SettingsScroll.swift */ = {isa = PBXFileReference; fileEncoding = 4; lastKnownFileType = sourcecode.swift; path = SettingsScroll.swift; sourceTree = "<group>"; };
/* End PBXFileReference section */

/* Begin PBXFrameworksBuildPhase section */
		E115AF481BC8B8C8000EE3A2 /* Frameworks */ = {
			isa = PBXFrameworksBuildPhase;
			buildActionMask = 2147483647;
			files = (
			);
			runOnlyForDeploymentPostprocessing = 0;
		};
		E115AF5C1BC8B8C8000EE3A2 /* Frameworks */ = {
			isa = PBXFrameworksBuildPhase;
			buildActionMask = 2147483647;
			files = (
			);
			runOnlyForDeploymentPostprocessing = 0;
		};
		E115AF671BC8B8C8000EE3A2 /* Frameworks */ = {
			isa = PBXFrameworksBuildPhase;
			buildActionMask = 2147483647;
			files = (
			);
			runOnlyForDeploymentPostprocessing = 0;
		};
/* End PBXFrameworksBuildPhase section */

/* Begin PBXGroup section */
		E115AF421BC8B8C8000EE3A2 = {
			isa = PBXGroup;
			children = (
				E115AF4D1BC8B8C8000EE3A2 /* Dropbox */,
				E115AF621BC8B8C8000EE3A2 /* DropboxTests */,
				E115AF6D1BC8B8C8000EE3A2 /* DropboxUITests */,
				E115AF4C1BC8B8C8000EE3A2 /* Products */,
			);
			sourceTree = "<group>";
		};
		E115AF4C1BC8B8C8000EE3A2 /* Products */ = {
			isa = PBXGroup;
			children = (
				E115AF4B1BC8B8C8000EE3A2 /* Dropbox.app */,
				E115AF5F1BC8B8C8000EE3A2 /* DropboxTests.xctest */,
				E115AF6A1BC8B8C8000EE3A2 /* DropboxUITests.xctest */,
			);
			name = Products;
			sourceTree = "<group>";
		};
		E115AF4D1BC8B8C8000EE3A2 /* Dropbox */ = {
			isa = PBXGroup;
			children = (
				E115AF4E1BC8B8C8000EE3A2 /* AppDelegate.swift */,
				E115AF501BC8B8C8000EE3A2 /* ViewController.swift */,
				E115AF521BC8B8C8000EE3A2 /* Main.storyboard */,
				E13076191BCAEE2000BF6BA7 /* SettingsScroll.swift */,
				E13076171BCAE32600BF6BA7 /* ViewTermsScroll.swift */,
				E13076151BCACC6F00BF6BA7 /* SignInRootViewController.swift */,
				E13076131BC99AF900BF6BA7 /* CreateAccountRootViewController.swift */,
				E115AF551BC8B8C8000EE3A2 /* Assets.xcassets */,
				E115AF571BC8B8C8000EE3A2 /* LaunchScreen.storyboard */,
				E115AF5A1BC8B8C8000EE3A2 /* Info.plist */,
			);
			path = Dropbox;
			sourceTree = "<group>";
		};
		E115AF621BC8B8C8000EE3A2 /* DropboxTests */ = {
			isa = PBXGroup;
			children = (
				E115AF631BC8B8C8000EE3A2 /* DropboxTests.swift */,
				E115AF651BC8B8C8000EE3A2 /* Info.plist */,
			);
			path = DropboxTests;
			sourceTree = "<group>";
		};
		E115AF6D1BC8B8C8000EE3A2 /* DropboxUITests */ = {
			isa = PBXGroup;
			children = (
				E115AF6E1BC8B8C8000EE3A2 /* DropboxUITests.swift */,
				E115AF701BC8B8C8000EE3A2 /* Info.plist */,
			);
			path = DropboxUITests;
			sourceTree = "<group>";
		};
/* End PBXGroup section */

/* Begin PBXNativeTarget section */
		E115AF4A1BC8B8C8000EE3A2 /* Dropbox */ = {
			isa = PBXNativeTarget;
			buildConfigurationList = E115AF731BC8B8C8000EE3A2 /* Build configuration list for PBXNativeTarget "Dropbox" */;
			buildPhases = (
				E115AF471BC8B8C8000EE3A2 /* Sources */,
				E115AF481BC8B8C8000EE3A2 /* Frameworks */,
				E115AF491BC8B8C8000EE3A2 /* Resources */,
			);
			buildRules = (
			);
			dependencies = (
			);
			name = Dropbox;
			productName = Dropbox;
			productReference = E115AF4B1BC8B8C8000EE3A2 /* Dropbox.app */;
			productType = "com.apple.product-type.application";
		};
		E115AF5E1BC8B8C8000EE3A2 /* DropboxTests */ = {
			isa = PBXNativeTarget;
			buildConfigurationList = E115AF761BC8B8C8000EE3A2 /* Build configuration list for PBXNativeTarget "DropboxTests" */;
			buildPhases = (
				E115AF5B1BC8B8C8000EE3A2 /* Sources */,
				E115AF5C1BC8B8C8000EE3A2 /* Frameworks */,
				E115AF5D1BC8B8C8000EE3A2 /* Resources */,
			);
			buildRules = (
			);
			dependencies = (
				E115AF611BC8B8C8000EE3A2 /* PBXTargetDependency */,
			);
			name = DropboxTests;
			productName = DropboxTests;
			productReference = E115AF5F1BC8B8C8000EE3A2 /* DropboxTests.xctest */;
			productType = "com.apple.product-type.bundle.unit-test";
		};
		E115AF691BC8B8C8000EE3A2 /* DropboxUITests */ = {
			isa = PBXNativeTarget;
			buildConfigurationList = E115AF791BC8B8C8000EE3A2 /* Build configuration list for PBXNativeTarget "DropboxUITests" */;
			buildPhases = (
				E115AF661BC8B8C8000EE3A2 /* Sources */,
				E115AF671BC8B8C8000EE3A2 /* Frameworks */,
				E115AF681BC8B8C8000EE3A2 /* Resources */,
			);
			buildRules = (
			);
			dependencies = (
				E115AF6C1BC8B8C8000EE3A2 /* PBXTargetDependency */,
			);
			name = DropboxUITests;
			productName = DropboxUITests;
			productReference = E115AF6A1BC8B8C8000EE3A2 /* DropboxUITests.xctest */;
			productType = "com.apple.product-type.bundle.ui-testing";
		};
/* End PBXNativeTarget section */

/* Begin PBXProject section */
		E115AF431BC8B8C8000EE3A2 /* Project object */ = {
			isa = PBXProject;
			attributes = {
				LastUpgradeCheck = 0700;
				ORGANIZATIONNAME = codepath;
				TargetAttributes = {
					E115AF4A1BC8B8C8000EE3A2 = {
						CreatedOnToolsVersion = 7.0.1;
					};
					E115AF5E1BC8B8C8000EE3A2 = {
						CreatedOnToolsVersion = 7.0.1;
						TestTargetID = E115AF4A1BC8B8C8000EE3A2;
					};
					E115AF691BC8B8C8000EE3A2 = {
						CreatedOnToolsVersion = 7.0.1;
						TestTargetID = E115AF4A1BC8B8C8000EE3A2;
					};
				};
			};
			buildConfigurationList = E115AF461BC8B8C8000EE3A2 /* Build configuration list for PBXProject "Dropbox" */;
			compatibilityVersion = "Xcode 3.2";
			developmentRegion = English;
			hasScannedForEncodings = 0;
			knownRegions = (
				en,
				Base,
			);
			mainGroup = E115AF421BC8B8C8000EE3A2;
			productRefGroup = E115AF4C1BC8B8C8000EE3A2 /* Products */;
			projectDirPath = "";
			projectRoot = "";
			targets = (
				E115AF4A1BC8B8C8000EE3A2 /* Dropbox */,
				E115AF5E1BC8B8C8000EE3A2 /* DropboxTests */,
				E115AF691BC8B8C8000EE3A2 /* DropboxUITests */,
			);
		};
/* End PBXProject section */

/* Begin PBXResourcesBuildPhase section */
		E115AF491BC8B8C8000EE3A2 /* Resources */ = {
			isa = PBXResourcesBuildPhase;
			buildActionMask = 2147483647;
			files = (
				E115AF591BC8B8C8000EE3A2 /* LaunchScreen.storyboard in Resources */,
				E115AF561BC8B8C8000EE3A2 /* Assets.xcassets in Resources */,
				E115AF541BC8B8C8000EE3A2 /* Main.storyboard in Resources */,
			);
			runOnlyForDeploymentPostprocessing = 0;
		};
		E115AF5D1BC8B8C8000EE3A2 /* Resources */ = {
			isa = PBXResourcesBuildPhase;
			buildActionMask = 2147483647;
			files = (
			);
			runOnlyForDeploymentPostprocessing = 0;
		};
		E115AF681BC8B8C8000EE3A2 /* Resources */ = {
			isa = PBXResourcesBuildPhase;
			buildActionMask = 2147483647;
			files = (
			);
			runOnlyForDeploymentPostprocessing = 0;
		};
/* End PBXResourcesBuildPhase section */

/* Begin PBXSourcesBuildPhase section */
		E115AF471BC8B8C8000EE3A2 /* Sources */ = {
			isa = PBXSourcesBuildPhase;
			buildActionMask = 2147483647;
			files = (
				E13076161BCACC6F00BF6BA7 /* SignInRootViewController.swift in Sources */,
				E13076181BCAE32600BF6BA7 /* ViewTermsScroll.swift in Sources */,
				E13076141BC99AF900BF6BA7 /* CreateAccountRootViewController.swift in Sources */,
				E130761A1BCAEE2000BF6BA7 /* SettingsScroll.swift in Sources */,
				E115AF511BC8B8C8000EE3A2 /* ViewController.swift in Sources */,
				E115AF4F1BC8B8C8000EE3A2 /* AppDelegate.swift in Sources */,
			);
			runOnlyForDeploymentPostprocessing = 0;
		};
		E115AF5B1BC8B8C8000EE3A2 /* Sources */ = {
			isa = PBXSourcesBuildPhase;
			buildActionMask = 2147483647;
			files = (
				E115AF641BC8B8C8000EE3A2 /* DropboxTests.swift in Sources */,
			);
			runOnlyForDeploymentPostprocessing = 0;
		};
		E115AF661BC8B8C8000EE3A2 /* Sources */ = {
			isa = PBXSourcesBuildPhase;
			buildActionMask = 2147483647;
			files = (
				E115AF6F1BC8B8C8000EE3A2 /* DropboxUITests.swift in Sources */,
			);
			runOnlyForDeploymentPostprocessing = 0;
		};
/* End PBXSourcesBuildPhase section */

/* Begin PBXTargetDependency section */
		E115AF611BC8B8C8000EE3A2 /* PBXTargetDependency */ = {
			isa = PBXTargetDependency;
			target = E115AF4A1BC8B8C8000EE3A2 /* Dropbox */;
			targetProxy = E115AF601BC8B8C8000EE3A2 /* PBXContainerItemProxy */;
		};
		E115AF6C1BC8B8C8000EE3A2 /* PBXTargetDependency */ = {
			isa = PBXTargetDependency;
			target = E115AF4A1BC8B8C8000EE3A2 /* Dropbox */;
			targetProxy = E115AF6B1BC8B8C8000EE3A2 /* PBXContainerItemProxy */;
		};
/* End PBXTargetDependency section */

/* Begin PBXVariantGroup section */
		E115AF521BC8B8C8000EE3A2 /* Main.storyboard */ = {
			isa = PBXVariantGroup;
			children = (
				E115AF531BC8B8C8000EE3A2 /* Base */,
			);
			name = Main.storyboard;
			sourceTree = "<group>";
		};
		E115AF571BC8B8C8000EE3A2 /* LaunchScreen.storyboard */ = {
			isa = PBXVariantGroup;
			children = (
				E115AF581BC8B8C8000EE3A2 /* Base */,
			);
			name = LaunchScreen.storyboard;
			sourceTree = "<group>";
		};
/* End PBXVariantGroup section */

/* Begin XCBuildConfiguration section */
		E115AF711BC8B8C8000EE3A2 /* Debug */ = {
			isa = XCBuildConfiguration;
			buildSettings = {
				ALWAYS_SEARCH_USER_PATHS = NO;
				CLANG_CXX_LANGUAGE_STANDARD = "gnu++0x";
				CLANG_CXX_LIBRARY = "libc++";
				CLANG_ENABLE_MODULES = YES;
				CLANG_ENABLE_OBJC_ARC = YES;
				CLANG_WARN_BOOL_CONVERSION = YES;
				CLANG_WARN_CONSTANT_CONVERSION = YES;
				CLANG_WARN_DIRECT_OBJC_ISA_USAGE = YES_ERROR;
				CLANG_WARN_EMPTY_BODY = YES;
				CLANG_WARN_ENUM_CONVERSION = YES;
				CLANG_WARN_INT_CONVERSION = YES;
				CLANG_WARN_OBJC_ROOT_CLASS = YES_ERROR;
				CLANG_WARN_UNREACHABLE_CODE = YES;
				CLANG_WARN__DUPLICATE_METHOD_MATCH = YES;
				"CODE_SIGN_IDENTITY[sdk=iphoneos*]" = "iPhone Developer";
				COPY_PHASE_STRIP = NO;
				DEBUG_INFORMATION_FORMAT = dwarf;
				ENABLE_STRICT_OBJC_MSGSEND = YES;
				ENABLE_TESTABILITY = YES;
				GCC_C_LANGUAGE_STANDARD = gnu99;
				GCC_DYNAMIC_NO_PIC = NO;
				GCC_NO_COMMON_BLOCKS = YES;
				GCC_OPTIMIZATION_LEVEL = 0;
				GCC_PREPROCESSOR_DEFINITIONS = (
					"DEBUG=1",
					"$(inherited)",
				);
				GCC_WARN_64_TO_32_BIT_CONVERSION = YES;
				GCC_WARN_ABOUT_RETURN_TYPE = YES_ERROR;
				GCC_WARN_UNDECLARED_SELECTOR = YES;
				GCC_WARN_UNINITIALIZED_AUTOS = YES_AGGRESSIVE;
				GCC_WARN_UNUSED_FUNCTION = YES;
				GCC_WARN_UNUSED_VARIABLE = YES;
				IPHONEOS_DEPLOYMENT_TARGET = 9.0;
				MTL_ENABLE_DEBUG_INFO = YES;
				ONLY_ACTIVE_ARCH = YES;
				SDKROOT = iphoneos;
				SWIFT_OPTIMIZATION_LEVEL = "-Onone";
			};
			name = Debug;
		};
		E115AF721BC8B8C8000EE3A2 /* Release */ = {
			isa = XCBuildConfiguration;
			buildSettings = {
				ALWAYS_SEARCH_USER_PATHS = NO;
				CLANG_CXX_LANGUAGE_STANDARD = "gnu++0x";
				CLANG_CXX_LIBRARY = "libc++";
				CLANG_ENABLE_MODULES = YES;
				CLANG_ENABLE_OBJC_ARC = YES;
				CLANG_WARN_BOOL_CONVERSION = YES;
				CLANG_WARN_CONSTANT_CONVERSION = YES;
				CLANG_WARN_DIRECT_OBJC_ISA_USAGE = YES_ERROR;
				CLANG_WARN_EMPTY_BODY = YES;
				CLANG_WARN_ENUM_CONVERSION = YES;
				CLANG_WARN_INT_CONVERSION = YES;
				CLANG_WARN_OBJC_ROOT_CLASS = YES_ERROR;
				CLANG_WARN_UNREACHABLE_CODE = YES;
				CLANG_WARN__DUPLICATE_METHOD_MATCH = YES;
				"CODE_SIGN_IDENTITY[sdk=iphoneos*]" = "iPhone Developer";
				COPY_PHASE_STRIP = NO;
				DEBUG_INFORMATION_FORMAT = "dwarf-with-dsym";
				ENABLE_NS_ASSERTIONS = NO;
				ENABLE_STRICT_OBJC_MSGSEND = YES;
				GCC_C_LANGUAGE_STANDARD = gnu99;
				GCC_NO_COMMON_BLOCKS = YES;
				GCC_WARN_64_TO_32_BIT_CONVERSION = YES;
				GCC_WARN_ABOUT_RETURN_TYPE = YES_ERROR;
				GCC_WARN_UNDECLARED_SELECTOR = YES;
				GCC_WARN_UNINITIALIZED_AUTOS = YES_AGGRESSIVE;
				GCC_WARN_UNUSED_FUNCTION = YES;
				GCC_WARN_UNUSED_VARIABLE = YES;
				IPHONEOS_DEPLOYMENT_TARGET = 9.0;
				MTL_ENABLE_DEBUG_INFO = NO;
				SDKROOT = iphoneos;
				VALIDATE_PRODUCT = YES;
			};
			name = Release;
		};
		E115AF741BC8B8C8000EE3A2 /* Debug */ = {
			isa = XCBuildConfiguration;
			buildSettings = {
				ASSETCATALOG_COMPILER_APPICON_NAME = AppIcon;
				INFOPLIST_FILE = Dropbox/Info.plist;
				LD_RUNPATH_SEARCH_PATHS = "$(inherited) @executable_path/Frameworks";
				PRODUCT_BUNDLE_IDENTIFIER = com.codepath.Dropbox;
				PRODUCT_NAME = "$(TARGET_NAME)";
			};
			name = Debug;
		};
		E115AF751BC8B8C8000EE3A2 /* Release */ = {
			isa = XCBuildConfiguration;
			buildSettings = {
				ASSETCATALOG_COMPILER_APPICON_NAME = AppIcon;
				INFOPLIST_FILE = Dropbox/Info.plist;
				LD_RUNPATH_SEARCH_PATHS = "$(inherited) @executable_path/Frameworks";
				PRODUCT_BUNDLE_IDENTIFIER = com.codepath.Dropbox;
				PRODUCT_NAME = "$(TARGET_NAME)";
			};
			name = Release;
		};
		E115AF771BC8B8C8000EE3A2 /* Debug */ = {
			isa = XCBuildConfiguration;
			buildSettings = {
				BUNDLE_LOADER = "$(TEST_HOST)";
				INFOPLIST_FILE = DropboxTests/Info.plist;
				LD_RUNPATH_SEARCH_PATHS = "$(inherited) @executable_path/Frameworks @loader_path/Frameworks";
				PRODUCT_BUNDLE_IDENTIFIER = com.codepath.DropboxTests;
				PRODUCT_NAME = "$(TARGET_NAME)";
				TEST_HOST = "$(BUILT_PRODUCTS_DIR)/Dropbox.app/Dropbox";
			};
			name = Debug;
		};
		E115AF781BC8B8C8000EE3A2 /* Release */ = {
			isa = XCBuildConfiguration;
			buildSettings = {
				BUNDLE_LOADER = "$(TEST_HOST)";
				INFOPLIST_FILE = DropboxTests/Info.plist;
				LD_RUNPATH_SEARCH_PATHS = "$(inherited) @executable_path/Frameworks @loader_path/Frameworks";
				PRODUCT_BUNDLE_IDENTIFIER = com.codepath.DropboxTests;
				PRODUCT_NAME = "$(TARGET_NAME)";
				TEST_HOST = "$(BUILT_PRODUCTS_DIR)/Dropbox.app/Dropbox";
			};
			name = Release;
		};
		E115AF7A1BC8B8C8000EE3A2 /* Debug */ = {
			isa = XCBuildConfiguration;
			buildSettings = {
				INFOPLIST_FILE = DropboxUITests/Info.plist;
				LD_RUNPATH_SEARCH_PATHS = "$(inherited) @executable_path/Frameworks @loader_path/Frameworks";
				PRODUCT_BUNDLE_IDENTIFIER = com.codepath.DropboxUITests;
				PRODUCT_NAME = "$(TARGET_NAME)";
				TEST_TARGET_NAME = Dropbox;
				USES_XCTRUNNER = YES;
			};
			name = Debug;
		};
		E115AF7B1BC8B8C8000EE3A2 /* Release */ = {
			isa = XCBuildConfiguration;
			buildSettings = {
				INFOPLIST_FILE = DropboxUITests/Info.plist;
				LD_RUNPATH_SEARCH_PATHS = "$(inherited) @executable_path/Frameworks @loader_path/Frameworks";
				PRODUCT_BUNDLE_IDENTIFIER = com.codepath.DropboxUITests;
				PRODUCT_NAME = "$(TARGET_NAME)";
				TEST_TARGET_NAME = Dropbox;
				USES_XCTRUNNER = YES;
			};
			name = Release;
		};
/* End XCBuildConfiguration section */

/* Begin XCConfigurationList section */
		E115AF461BC8B8C8000EE3A2 /* Build configuration list for PBXProject "Dropbox" */ = {
			isa = XCConfigurationList;
			buildConfigurations = (
				E115AF711BC8B8C8000EE3A2 /* Debug */,
				E115AF721BC8B8C8000EE3A2 /* Release */,
			);
			defaultConfigurationIsVisible = 0;
			defaultConfigurationName = Release;
		};
		E115AF731BC8B8C8000EE3A2 /* Build configuration list for PBXNativeTarget "Dropbox" */ = {
			isa = XCConfigurationList;
			buildConfigurations = (
				E115AF741BC8B8C8000EE3A2 /* Debug */,
				E115AF751BC8B8C8000EE3A2 /* Release */,
			);
			defaultConfigurationIsVisible = 0;
			defaultConfigurationName = Release;
		};
		E115AF761BC8B8C8000EE3A2 /* Build configuration list for PBXNativeTarget "DropboxTests" */ = {
			isa = XCConfigurationList;
			buildConfigurations = (
				E115AF771BC8B8C8000EE3A2 /* Debug */,
				E115AF781BC8B8C8000EE3A2 /* Release */,
			);
			defaultConfigurationIsVisible = 0;
			defaultConfigurationName = Release;
		};
		E115AF791BC8B8C8000EE3A2 /* Build configuration list for PBXNativeTarget "DropboxUITests" */ = {
			isa = XCConfigurationList;
			buildConfigurations = (
				E115AF7A1BC8B8C8000EE3A2 /* Debug */,
				E115AF7B1BC8B8C8000EE3A2 /* Release */,
			);
			defaultConfigurationIsVisible = 0;
			defaultConfigurationName = Release;
		};
/* End XCConfigurationList section */
	};
	rootObject = E115AF431BC8B8C8000EE3A2 /* Project object */;
}
